
Microsoft Visual Studio Solution File, Format Version 12.00
# Visual Studio 2012
Project("{FAE04EC0-301F-11D3-BF4B-00C04F79EFBC}") = "ObservableMessaging.Core", "ObservableMessaging.Core\ObservableMessaging.Core.csproj", "{F9D55FB3-BB94-4913-83CD-DBE0F3CE3239}"
EndProject
Project("{FAE04EC0-301F-11D3-BF4B-00C04F79EFBC}") = "ObservableMessaging.IbmMq", "ObservableMessaging.IbmMq\ObservableMessaging.IbmMq.csproj", "{784CEBD7-88FA-45C8-B5F6-DEFD8DE0A09E}"
EndProject
Global
	GlobalSection(SolutionConfigurationPlatforms) = preSolution
		Debug|Any CPU = Debug|Any CPU
		Release|Any CPU = Release|Any CPU
	EndGlobalSection
	GlobalSection(ProjectConfigurationPlatforms) = postSolution
		{F9D55FB3-BB94-4913-83CD-DBE0F3CE3239}.Debug|Any CPU.ActiveCfg = Debug|Any CPU
		{F9D55FB3-BB94-4913-83CD-DBE0F3CE3239}.Debug|Any CPU.Build.0 = Debug|Any CPU
		{F9D55FB3-BB94-4913-83CD-DBE0F3CE3239}.Release|Any CPU.ActiveCfg = Release|Any CPU
		{F9D55FB3-BB94-4913-83CD-DBE0F3CE3239}.Release|Any CPU.Build.0 = Release|Any CPU
		{784CEBD7-88FA-45C8-B5F6-DEFD8DE0A09E}.Debug|Any CPU.ActiveCfg = Debug|Any CPU
		{784CEBD7-88FA-45C8-B5F6-DEFD8DE0A09E}.Debug|Any CPU.Build.0 = Debug|Any CPU
		{784CEBD7-88FA-45C8-B5F6-DEFD8DE0A09E}.Release|Any CPU.ActiveCfg = Release|Any CPU
		{784CEBD7-88FA-45C8-B5F6-DEFD8DE0A09E}.Release|Any CPU.Build.0 = Release|Any CPU
	EndGlobalSection
EndGlobal
